
Microsoft Visual Studio Solution File, Format Version 12.00
# Visual Studio Version 17
VisualStudioVersion = 17.4.33205.214
MinimumVisualStudioVersion = 10.0.40219.1
Project("{9A19103F-16F7-4668-BE54-9A1E7A4F7556}") = "EditorHtml", "EditorHtml.csproj", "{D29A5C51-C893-4630-AC8F-BC92252EB834}"
EndProject
Global
	GlobalSection(SolutionConfigurationPlatforms) = preSolution
		Debug|Any CPU = Debug|Any CPU
		Release|Any CPU = Release|Any CPU
	EndGlobalSection
	GlobalSection(ProjectConfigurationPlatforms) = postSolution
		{D29A5C51-C893-4630-AC8F-BC92252EB834}.Debug|Any CPU.ActiveCfg = Debug|Any CPU
		{D29A5C51-C893-4630-AC8F-BC92252EB834}.Debug|Any CPU.Build.0 = Debug|Any CPU
		{D29A5C51-C893-4630-AC8F-BC92252EB834}.Release|Any CPU.ActiveCfg = Release|Any CPU
		{D29A5C51-C893-4630-AC8F-BC92252EB834}.Release|Any CPU.Build.0 = Release|Any CPU
	EndGlobalSection
	GlobalSection(SolutionProperties) = preSolution
		HideSolutionNode = FALSE
	EndGlobalSection
	GlobalSection(ExtensibilityGlobals) = postSolution
		SolutionGuid = {3E0CCE91-187C-4853-B026-02BBEAA62DD6}
	EndGlobalSection
EndGlobal
